// !$*UTF8*$!
{
	archiveVersion = 1;
	classes = {
	};
	objectVersion = 55;
	objects = {

/* Begin PBXBuildFile section */
		0B173FE30DC523CD51C28F81 /* Pods_MeetLive.framework in Frameworks */ = {isa = PBXBuildFile; fileRef = 0A02385DDFFCC69604DBD369 /* Pods_MeetLive.framework */; };
		256250442848868800FC1597 /* AppDelegate.swift in Sources */ = {isa = PBXBuildFile; fileRef = 256250432848868800FC1597 /* AppDelegate.swift */; };
		256250462848868800FC1597 /* SceneDelegate.swift in Sources */ = {isa = PBXBuildFile; fileRef = 256250452848868800FC1597 /* SceneDelegate.swift */; };
		2562504B2848868800FC1597 /* Main.storyboard in Resources */ = {isa = PBXBuildFile; fileRef = 256250492848868800FC1597 /* Main.storyboard */; };
		2562504D2848868B00FC1597 /* Assets.xcassets in Resources */ = {isa = PBXBuildFile; fileRef = 2562504C2848868B00FC1597 /* Assets.xcassets */; };
		256250502848868B00FC1597 /* LaunchScreen.storyboard in Resources */ = {isa = PBXBuildFile; fileRef = 2562504E2848868B00FC1597 /* LaunchScreen.storyboard */; };
		256250582848895400FC1597 /* GoogleService-Info.plist in Resources */ = {isa = PBXBuildFile; fileRef = 256250572848895400FC1597 /* GoogleService-Info.plist */; };
		2562505A28489D9400FC1597 /* LoginViewController.swift in Sources */ = {isa = PBXBuildFile; fileRef = 2562505928489D9400FC1597 /* LoginViewController.swift */; };
		2562505C28489DA800FC1597 /* RegistUserViewController.swift in Sources */ = {isa = PBXBuildFile; fileRef = 2562505B28489DA800FC1597 /* RegistUserViewController.swift */; };
		2562505E28489DBB00FC1597 /* SearchPostViewController.swift in Sources */ = {isa = PBXBuildFile; fileRef = 2562505D28489DBB00FC1597 /* SearchPostViewController.swift */; };
		2562506028489DC700FC1597 /* DetailPostViewController.swift in Sources */ = {isa = PBXBuildFile; fileRef = 2562505F28489DC700FC1597 /* DetailPostViewController.swift */; };
		2562506228489DEE00FC1597 /* SuccessPostViewController.swift in Sources */ = {isa = PBXBuildFile; fileRef = 2562506128489DEE00FC1597 /* SuccessPostViewController.swift */; };
		2562506428489DFD00FC1597 /* SettingViewController.swift in Sources */ = {isa = PBXBuildFile; fileRef = 2562506328489DFD00FC1597 /* SettingViewController.swift */; };
		2562506628489E0600FC1597 /* MapViewController.swift in Sources */ = {isa = PBXBuildFile; fileRef = 2562506528489E0600FC1597 /* MapViewController.swift */; };
		256250682848A97700FC1597 /* Places.swift in Sources */ = {isa = PBXBuildFile; fileRef = 256250672848A97700FC1597 /* Places.swift */; };
		2562506A2849939500FC1597 /* NewsViewController.swift in Sources */ = {isa = PBXBuildFile; fileRef = 256250692849939500FC1597 /* NewsViewController.swift */; };
		2562506C28499B1C00FC1597 /* TabBarController.swift in Sources */ = {isa = PBXBuildFile; fileRef = 2562506B28499B1C00FC1597 /* TabBarController.swift */; };
		2562506E2849ABCD00FC1597 /* Const.swift in Sources */ = {isa = PBXBuildFile; fileRef = 2562506D2849ABCC00FC1597 /* Const.swift */; };
		256250702849D55D00FC1597 /* ChangeProfileViewController.swift in Sources */ = {isa = PBXBuildFile; fileRef = 2562506F2849D55D00FC1597 /* ChangeProfileViewController.swift */; };
		256250732849EA0100FC1597 /* FavoriteGroupTableViewCell.swift in Sources */ = {isa = PBXBuildFile; fileRef = 256250712849EA0000FC1597 /* FavoriteGroupTableViewCell.swift */; };
		256250742849EA0100FC1597 /* FavoriteGroupTableViewCell.xib in Resources */ = {isa = PBXBuildFile; fileRef = 256250722849EA0000FC1597 /* FavoriteGroupTableViewCell.xib */; };
		25625077284D8B4900FC1597 /* UserData.swift in Sources */ = {isa = PBXBuildFile; fileRef = 25625076284D8B4900FC1597 /* UserData.swift */; };
		25625079284ECFFA00FC1597 /* PostViewController.swift in Sources */ = {isa = PBXBuildFile; fileRef = 25625078284ECFFA00FC1597 /* PostViewController.swift */; };
		25D2804C28503679002E056D /* SearchPostTableViewCell.swift in Sources */ = {isa = PBXBuildFile; fileRef = 25D2804A28503679002E056D /* SearchPostTableViewCell.swift */; };
		25D2804D28503679002E056D /* SearchPostTableViewCell.xib in Resources */ = {isa = PBXBuildFile; fileRef = 25D2804B28503679002E056D /* SearchPostTableViewCell.xib */; };
		25D2804F28505E39002E056D /* PostData.swift in Sources */ = {isa = PBXBuildFile; fileRef = 25D2804E28505E39002E056D /* PostData.swift */; };
		25D28051285190D0002E056D /* Prefectures.swift in Sources */ = {isa = PBXBuildFile; fileRef = 25D28050285190D0002E056D /* Prefectures.swift */; };
		25D280542852D951002E056D /* DetailPostTableViewCell.swift in Sources */ = {isa = PBXBuildFile; fileRef = 25D280522852D951002E056D /* DetailPostTableViewCell.swift */; };
		25D280552852D951002E056D /* DetailPostTableViewCell.xib in Resources */ = {isa = PBXBuildFile; fileRef = 25D280532852D951002E056D /* DetailPostTableViewCell.xib */; };
		25D280572852DDFE002E056D /* CustomLabel.swift in Sources */ = {isa = PBXBuildFile; fileRef = 25D280562852DDFE002E056D /* CustomLabel.swift */; };
		25D280592856C327002E056D /* DetailPostData.swift in Sources */ = {isa = PBXBuildFile; fileRef = 25D280582856C327002E056D /* DetailPostData.swift */; };
		25EF33A4284EEF6100966A34 /* Purposes.swift in Sources */ = {isa = PBXBuildFile; fileRef = 25EF33A3284EEF6100966A34 /* Purposes.swift */; };
/* End PBXBuildFile section */

/* Begin PBXFileReference section */
		0A02385DDFFCC69604DBD369 /* Pods_MeetLive.framework */ = {isa = PBXFileReference; explicitFileType = wrapper.framework; includeInIndex = 0; path = Pods_MeetLive.framework; sourceTree = BUILT_PRODUCTS_DIR; };
		256250402848868800FC1597 /* MeetLive.app */ = {isa = PBXFileReference; explicitFileType = wrapper.application; includeInIndex = 0; path = MeetLive.app; sourceTree = BUILT_PRODUCTS_DIR; };
		256250432848868800FC1597 /* AppDelegate.swift */ = {isa = PBXFileReference; lastKnownFileType = sourcecode.swift; path = AppDelegate.swift; sourceTree = "<group>"; };
		256250452848868800FC1597 /* SceneDelegate.swift */ = {isa = PBXFileReference; lastKnownFileType = sourcecode.swift; path = SceneDelegate.swift; sourceTree = "<group>"; };
		2562504A2848868800FC1597 /* Base */ = {isa = PBXFileReference; lastKnownFileType = file.storyboard; name = Base; path = Base.lproj/Main.storyboard; sourceTree = "<group>"; };
		2562504C2848868B00FC1597 /* Assets.xcassets */ = {isa = PBXFileReference; lastKnownFileType = folder.assetcatalog; path = Assets.xcassets; sourceTree = "<group>"; };
		2562504F2848868B00FC1597 /* Base */ = {isa = PBXFileReference; lastKnownFileType = file.storyboard; name = Base; path = Base.lproj/LaunchScreen.storyboard; sourceTree = "<group>"; };
		256250512848868B00FC1597 /* Info.plist */ = {isa = PBXFileReference; lastKnownFileType = text.plist.xml; path = Info.plist; sourceTree = "<group>"; };
		256250572848895400FC1597 /* GoogleService-Info.plist */ = {isa = PBXFileReference; fileEncoding = 4; lastKnownFileType = text.plist.xml; path = "GoogleService-Info.plist"; sourceTree = "<group>"; };
		2562505928489D9400FC1597 /* LoginViewController.swift */ = {isa = PBXFileReference; lastKnownFileType = sourcecode.swift; path = LoginViewController.swift; sourceTree = "<group>"; };
		2562505B28489DA800FC1597 /* RegistUserViewController.swift */ = {isa = PBXFileReference; lastKnownFileType = sourcecode.swift; path = RegistUserViewController.swift; sourceTree = "<group>"; };
		2562505D28489DBB00FC1597 /* SearchPostViewController.swift */ = {isa = PBXFileReference; lastKnownFileType = sourcecode.swift; path = SearchPostViewController.swift; sourceTree = "<group>"; };
		2562505F28489DC700FC1597 /* DetailPostViewController.swift */ = {isa = PBXFileReference; lastKnownFileType = sourcecode.swift; path = DetailPostViewController.swift; sourceTree = "<group>"; };
		2562506128489DEE00FC1597 /* SuccessPostViewController.swift */ = {isa = PBXFileReference; lastKnownFileType = sourcecode.swift; path = SuccessPostViewController.swift; sourceTree = "<group>"; };
		2562506328489DFD00FC1597 /* SettingViewController.swift */ = {isa = PBXFileReference; lastKnownFileType = sourcecode.swift; path = SettingViewController.swift; sourceTree = "<group>"; };
		2562506528489E0600FC1597 /* MapViewController.swift */ = {isa = PBXFileReference; lastKnownFileType = sourcecode.swift; path = MapViewController.swift; sourceTree = "<group>"; };
		256250672848A97700FC1597 /* Places.swift */ = {isa = PBXFileReference; lastKnownFileType = sourcecode.swift; path = Places.swift; sourceTree = "<group>"; };
		256250692849939500FC1597 /* NewsViewController.swift */ = {isa = PBXFileReference; lastKnownFileType = sourcecode.swift; path = NewsViewController.swift; sourceTree = "<group>"; };
		2562506B28499B1C00FC1597 /* TabBarController.swift */ = {isa = PBXFileReference; lastKnownFileType = sourcecode.swift; path = TabBarController.swift; sourceTree = "<group>"; };
		2562506D2849ABCC00FC1597 /* Const.swift */ = {isa = PBXFileReference; lastKnownFileType = sourcecode.swift; path = Const.swift; sourceTree = "<group>"; };
		2562506F2849D55D00FC1597 /* ChangeProfileViewController.swift */ = {isa = PBXFileReference; lastKnownFileType = sourcecode.swift; path = ChangeProfileViewController.swift; sourceTree = "<group>"; };
		256250712849EA0000FC1597 /* FavoriteGroupTableViewCell.swift */ = {isa = PBXFileReference; lastKnownFileType = sourcecode.swift; path = FavoriteGroupTableViewCell.swift; sourceTree = "<group>"; };
		256250722849EA0000FC1597 /* FavoriteGroupTableViewCell.xib */ = {isa = PBXFileReference; lastKnownFileType = file.xib; path = FavoriteGroupTableViewCell.xib; sourceTree = "<group>"; };
		25625076284D8B4900FC1597 /* UserData.swift */ = {isa = PBXFileReference; lastKnownFileType = sourcecode.swift; path = UserData.swift; sourceTree = "<group>"; };
		25625078284ECFFA00FC1597 /* PostViewController.swift */ = {isa = PBXFileReference; lastKnownFileType = sourcecode.swift; path = PostViewController.swift; sourceTree = "<group>"; };
		25D2804A28503679002E056D /* SearchPostTableViewCell.swift */ = {isa = PBXFileReference; lastKnownFileType = sourcecode.swift; path = SearchPostTableViewCell.swift; sourceTree = "<group>"; };
		25D2804B28503679002E056D /* SearchPostTableViewCell.xib */ = {isa = PBXFileReference; lastKnownFileType = file.xib; path = SearchPostTableViewCell.xib; sourceTree = "<group>"; };
		25D2804E28505E39002E056D /* PostData.swift */ = {isa = PBXFileReference; lastKnownFileType = sourcecode.swift; path = PostData.swift; sourceTree = "<group>"; };
		25D28050285190D0002E056D /* Prefectures.swift */ = {isa = PBXFileReference; lastKnownFileType = sourcecode.swift; path = Prefectures.swift; sourceTree = "<group>"; };
		25D280522852D951002E056D /* DetailPostTableViewCell.swift */ = {isa = PBXFileReference; lastKnownFileType = sourcecode.swift; path = DetailPostTableViewCell.swift; sourceTree = "<group>"; };
		25D280532852D951002E056D /* DetailPostTableViewCell.xib */ = {isa = PBXFileReference; lastKnownFileType = file.xib; path = DetailPostTableViewCell.xib; sourceTree = "<group>"; };
		25D280562852DDFE002E056D /* CustomLabel.swift */ = {isa = PBXFileReference; lastKnownFileType = sourcecode.swift; path = CustomLabel.swift; sourceTree = "<group>"; };
		25D280582856C327002E056D /* DetailPostData.swift */ = {isa = PBXFileReference; lastKnownFileType = sourcecode.swift; path = DetailPostData.swift; sourceTree = "<group>"; };
		25EF33A3284EEF6100966A34 /* Purposes.swift */ = {isa = PBXFileReference; lastKnownFileType = sourcecode.swift; path = Purposes.swift; sourceTree = "<group>"; };
		C52149E9F95B950DDEFCBD9D /* Pods-MeetLive.release.xcconfig */ = {isa = PBXFileReference; includeInIndex = 1; lastKnownFileType = text.xcconfig; name = "Pods-MeetLive.release.xcconfig"; path = "Target Support Files/Pods-MeetLive/Pods-MeetLive.release.xcconfig"; sourceTree = "<group>"; };
		F4399792AFC21A2ECAB67115 /* Pods-MeetLive.debug.xcconfig */ = {isa = PBXFileReference; includeInIndex = 1; lastKnownFileType = text.xcconfig; name = "Pods-MeetLive.debug.xcconfig"; path = "Target Support Files/Pods-MeetLive/Pods-MeetLive.debug.xcconfig"; sourceTree = "<group>"; };
/* End PBXFileReference section */

/* Begin PBXFrameworksBuildPhase section */
		2562503D2848868800FC1597 /* Frameworks */ = {
			isa = PBXFrameworksBuildPhase;
			buildActionMask = 2147483647;
			files = (
				0B173FE30DC523CD51C28F81 /* Pods_MeetLive.framework in Frameworks */,
			);
			runOnlyForDeploymentPostprocessing = 0;
		};
/* End PBXFrameworksBuildPhase section */

/* Begin PBXGroup section */
		1F8899BB0417D3C080089FCF /* Pods */ = {
			isa = PBXGroup;
			children = (
				F4399792AFC21A2ECAB67115 /* Pods-MeetLive.debug.xcconfig */,
				C52149E9F95B950DDEFCBD9D /* Pods-MeetLive.release.xcconfig */,
			);
			path = Pods;
			sourceTree = "<group>";
		};
		256250372848868800FC1597 = {
			isa = PBXGroup;
			children = (
				256250422848868800FC1597 /* MeetLive */,
				256250412848868800FC1597 /* Products */,
				1F8899BB0417D3C080089FCF /* Pods */,
				830FD214298476C88B534C8A /* Frameworks */,
			);
			sourceTree = "<group>";
		};
		256250412848868800FC1597 /* Products */ = {
			isa = PBXGroup;
			children = (
				256250402848868800FC1597 /* MeetLive.app */,
			);
			name = Products;
			sourceTree = "<group>";
		};
		256250422848868800FC1597 /* MeetLive */ = {
			isa = PBXGroup;
			children = (
				256250432848868800FC1597 /* AppDelegate.swift */,
				256250452848868800FC1597 /* SceneDelegate.swift */,
				2562505B28489DA800FC1597 /* RegistUserViewController.swift */,
				2562505928489D9400FC1597 /* LoginViewController.swift */,
				256250692849939500FC1597 /* NewsViewController.swift */,
				2562506528489E0600FC1597 /* MapViewController.swift */,
				2562506128489DEE00FC1597 /* SuccessPostViewController.swift */,
				25625078284ECFFA00FC1597 /* PostViewController.swift */,
				25D280492850364E002E056D /* 検索 */,
				256250752849EA1700FC1597 /* 設定 */,
				256250492848868800FC1597 /* Main.storyboard */,
				25D28050285190D0002E056D /* Prefectures.swift */,
				256250672848A97700FC1597 /* Places.swift */,
				25EF33A3284EEF6100966A34 /* Purposes.swift */,
				2562506D2849ABCC00FC1597 /* Const.swift */,
				25625076284D8B4900FC1597 /* UserData.swift */,
				25D2804E28505E39002E056D /* PostData.swift */,
				25D280582856C327002E056D /* DetailPostData.swift */,
				2562506B28499B1C00FC1597 /* TabBarController.swift */,
				2562504C2848868B00FC1597 /* Assets.xcassets */,
				2562504E2848868B00FC1597 /* LaunchScreen.storyboard */,
				256250572848895400FC1597 /* GoogleService-Info.plist */,
				256250512848868B00FC1597 /* Info.plist */,
			);
			path = MeetLive;
			sourceTree = "<group>";
		};
		256250752849EA1700FC1597 /* 設定 */ = {
			isa = PBXGroup;
			children = (
				2562506328489DFD00FC1597 /* SettingViewController.swift */,
				2562506F2849D55D00FC1597 /* ChangeProfileViewController.swift */,
				256250712849EA0000FC1597 /* FavoriteGroupTableViewCell.swift */,
				256250722849EA0000FC1597 /* FavoriteGroupTableViewCell.xib */,
			);
			path = "設定";
			sourceTree = "<group>";
		};
		25D280492850364E002E056D /* 検索 */ = {
			isa = PBXGroup;
			children = (
				2562505D28489DBB00FC1597 /* SearchPostViewController.swift */,
				25D2804A28503679002E056D /* SearchPostTableViewCell.swift */,
				25D2804B28503679002E056D /* SearchPostTableViewCell.xib */,
				2562505F28489DC700FC1597 /* DetailPostViewController.swift */,
				25D280522852D951002E056D /* DetailPostTableViewCell.swift */,
				25D280532852D951002E056D /* DetailPostTableViewCell.xib */,
				25D280562852DDFE002E056D /* CustomLabel.swift */,
			);
			path = "検索";
			sourceTree = "<group>";
		};
		830FD214298476C88B534C8A /* Frameworks */ = {
			isa = PBXGroup;
			children = (
				0A02385DDFFCC69604DBD369 /* Pods_MeetLive.framework */,
			);
			name = Frameworks;
			sourceTree = "<group>";
		};
/* End PBXGroup section */

/* Begin PBXNativeTarget section */
		2562503F2848868800FC1597 /* MeetLive */ = {
			isa = PBXNativeTarget;
			buildConfigurationList = 256250542848868B00FC1597 /* Build configuration list for PBXNativeTarget "MeetLive" */;
			buildPhases = (
				76DFBF5BA4D991789FA3D5E3 /* [CP] Check Pods Manifest.lock */,
				2562503C2848868800FC1597 /* Sources */,
				2562503D2848868800FC1597 /* Frameworks */,
				2562503E2848868800FC1597 /* Resources */,
				0656AE9C2BE6BA279275F9B1 /* [CP] Embed Pods Frameworks */,
			);
			buildRules = (
			);
			dependencies = (
			);
			name = MeetLive;
			productName = MeetLive;
			productReference = 256250402848868800FC1597 /* MeetLive.app */;
			productType = "com.apple.product-type.application";
		};
/* End PBXNativeTarget section */

/* Begin PBXProject section */
		256250382848868800FC1597 /* Project object */ = {
			isa = PBXProject;
			attributes = {
				BuildIndependentTargetsInParallel = 1;
				LastSwiftUpdateCheck = 1310;
				LastUpgradeCheck = 1310;
				TargetAttributes = {
					2562503F2848868800FC1597 = {
						CreatedOnToolsVersion = 13.1;
					};
				};
			};
			buildConfigurationList = 2562503B2848868800FC1597 /* Build configuration list for PBXProject "MeetLive" */;
			compatibilityVersion = "Xcode 13.0";
			developmentRegion = en;
			hasScannedForEncodings = 0;
			knownRegions = (
				en,
				Base,
			);
			mainGroup = 256250372848868800FC1597;
			productRefGroup = 256250412848868800FC1597 /* Products */;
			projectDirPath = "";
			projectRoot = "";
			targets = (
				2562503F2848868800FC1597 /* MeetLive */,
			);
		};
/* End PBXProject section */

/* Begin PBXResourcesBuildPhase section */
		2562503E2848868800FC1597 /* Resources */ = {
			isa = PBXResourcesBuildPhase;
			buildActionMask = 2147483647;
			files = (
				25D280552852D951002E056D /* DetailPostTableViewCell.xib in Resources */,
				256250742849EA0100FC1597 /* FavoriteGroupTableViewCell.xib in Resources */,
				256250502848868B00FC1597 /* LaunchScreen.storyboard in Resources */,
				256250582848895400FC1597 /* GoogleService-Info.plist in Resources */,
				2562504D2848868B00FC1597 /* Assets.xcassets in Resources */,
				2562504B2848868800FC1597 /* Main.storyboard in Resources */,
				25D2804D28503679002E056D /* SearchPostTableViewCell.xib in Resources */,
			);
			runOnlyForDeploymentPostprocessing = 0;
		};
/* End PBXResourcesBuildPhase section */

/* Begin PBXShellScriptBuildPhase section */
		0656AE9C2BE6BA279275F9B1 /* [CP] Embed Pods Frameworks */ = {
			isa = PBXShellScriptBuildPhase;
			buildActionMask = 2147483647;
			files = (
			);
			inputFileListPaths = (
				"${PODS_ROOT}/Target Support Files/Pods-MeetLive/Pods-MeetLive-frameworks-${CONFIGURATION}-input-files.xcfilelist",
			);
			name = "[CP] Embed Pods Frameworks";
			outputFileListPaths = (
				"${PODS_ROOT}/Target Support Files/Pods-MeetLive/Pods-MeetLive-frameworks-${CONFIGURATION}-output-files.xcfilelist",
			);
			runOnlyForDeploymentPostprocessing = 0;
			shellPath = /bin/sh;
			shellScript = "\"${PODS_ROOT}/Target Support Files/Pods-MeetLive/Pods-MeetLive-frameworks.sh\"\n";
			showEnvVarsInLog = 0;
		};
		76DFBF5BA4D991789FA3D5E3 /* [CP] Check Pods Manifest.lock */ = {
			isa = PBXShellScriptBuildPhase;
			buildActionMask = 2147483647;
			files = (
			);
			inputFileListPaths = (
			);
			inputPaths = (
				"${PODS_PODFILE_DIR_PATH}/Podfile.lock",
				"${PODS_ROOT}/Manifest.lock",
			);
			name = "[CP] Check Pods Manifest.lock";
			outputFileListPaths = (
			);
			outputPaths = (
				"$(DERIVED_FILE_DIR)/Pods-MeetLive-checkManifestLockResult.txt",
			);
			runOnlyForDeploymentPostprocessing = 0;
			shellPath = /bin/sh;
			shellScript = "diff \"${PODS_PODFILE_DIR_PATH}/Podfile.lock\" \"${PODS_ROOT}/Manifest.lock\" > /dev/null\nif [ $? != 0 ] ; then\n    # print error to STDERR\n    echo \"error: The sandbox is not in sync with the Podfile.lock. Run 'pod install' or update your CocoaPods installation.\" >&2\n    exit 1\nfi\n# This output is used by Xcode 'outputs' to avoid re-running this script phase.\necho \"SUCCESS\" > \"${SCRIPT_OUTPUT_FILE_0}\"\n";
			showEnvVarsInLog = 0;
		};
/* End PBXShellScriptBuildPhase section */

/* Begin PBXSourcesBuildPhase section */
		2562503C2848868800FC1597 /* Sources */ = {
			isa = PBXSourcesBuildPhase;
			buildActionMask = 2147483647;
			files = (
				2562506228489DEE00FC1597 /* SuccessPostViewController.swift in Sources */,
				2562505C28489DA800FC1597 /* RegistUserViewController.swift in Sources */,
				25D280592856C327002E056D /* DetailPostData.swift in Sources */,
				25625077284D8B4900FC1597 /* UserData.swift in Sources */,
				25625079284ECFFA00FC1597 /* PostViewController.swift in Sources */,
				256250732849EA0100FC1597 /* FavoriteGroupTableViewCell.swift in Sources */,
				25D2804F28505E39002E056D /* PostData.swift in Sources */,
				25D280542852D951002E056D /* DetailPostTableViewCell.swift in Sources */,
				2562506028489DC700FC1597 /* DetailPostViewController.swift in Sources */,
				25D2804C28503679002E056D /* SearchPostTableViewCell.swift in Sources */,
				2562506A2849939500FC1597 /* NewsViewController.swift in Sources */,
				2562506628489E0600FC1597 /* MapViewController.swift in Sources */,
				2562505A28489D9400FC1597 /* LoginViewController.swift in Sources */,
				256250702849D55D00FC1597 /* ChangeProfileViewController.swift in Sources */,
				2562505E28489DBB00FC1597 /* SearchPostViewController.swift in Sources */,
				2562506428489DFD00FC1597 /* SettingViewController.swift in Sources */,
				256250682848A97700FC1597 /* Places.swift in Sources */,
				25D280572852DDFE002E056D /* CustomLabel.swift in Sources */,
				2562506C28499B1C00FC1597 /* TabBarController.swift in Sources */,
				256250442848868800FC1597 /* AppDelegate.swift in Sources */,
				25D28051285190D0002E056D /* Prefectures.swift in Sources */,
				256250462848868800FC1597 /* SceneDelegate.swift in Sources */,
				25EF33A4284EEF6100966A34 /* Purposes.swift in Sources */,
				2562506E2849ABCD00FC1597 /* Const.swift in Sources */,
			);
			runOnlyForDeploymentPostprocessing = 0;
		};
/* End PBXSourcesBuildPhase section */

/* Begin PBXVariantGroup section */
		256250492848868800FC1597 /* Main.storyboard */ = {
			isa = PBXVariantGroup;
			children = (
				2562504A2848868800FC1597 /* Base */,
			);
			name = Main.storyboard;
			sourceTree = "<group>";
		};
		2562504E2848868B00FC1597 /* LaunchScreen.storyboard */ = {
			isa = PBXVariantGroup;
			children = (
				2562504F2848868B00FC1597 /* Base */,
			);
			name = LaunchScreen.storyboard;
			sourceTree = "<group>";
		};
/* End PBXVariantGroup section */

/* Begin XCBuildConfiguration section */
		256250522848868B00FC1597 /* Debug */ = {
			isa = XCBuildConfiguration;
			buildSettings = {
				ALWAYS_SEARCH_USER_PATHS = NO;
				CLANG_ANALYZER_NONNULL = YES;
				CLANG_ANALYZER_NUMBER_OBJECT_CONVERSION = YES_AGGRESSIVE;
				CLANG_CXX_LANGUAGE_STANDARD = "gnu++17";
				CLANG_CXX_LIBRARY = "libc++";
				CLANG_ENABLE_MODULES = YES;
				CLANG_ENABLE_OBJC_ARC = YES;
				CLANG_ENABLE_OBJC_WEAK = YES;
				CLANG_WARN_BLOCK_CAPTURE_AUTORELEASING = YES;
				CLANG_WARN_BOOL_CONVERSION = YES;
				CLANG_WARN_COMMA = YES;
				CLANG_WARN_CONSTANT_CONVERSION = YES;
				CLANG_WARN_DEPRECATED_OBJC_IMPLEMENTATIONS = YES;
				CLANG_WARN_DIRECT_OBJC_ISA_USAGE = YES_ERROR;
				CLANG_WARN_DOCUMENTATION_COMMENTS = YES;
				CLANG_WARN_EMPTY_BODY = YES;
				CLANG_WARN_ENUM_CONVERSION = YES;
				CLANG_WARN_INFINITE_RECURSION = YES;
				CLANG_WARN_INT_CONVERSION = YES;
				CLANG_WARN_NON_LITERAL_NULL_CONVERSION = YES;
				CLANG_WARN_OBJC_IMPLICIT_RETAIN_SELF = YES;
				CLANG_WARN_OBJC_LITERAL_CONVERSION = YES;
				CLANG_WARN_OBJC_ROOT_CLASS = YES_ERROR;
				CLANG_WARN_QUOTED_INCLUDE_IN_FRAMEWORK_HEADER = YES;
				CLANG_WARN_RANGE_LOOP_ANALYSIS = YES;
				CLANG_WARN_STRICT_PROTOTYPES = YES;
				CLANG_WARN_SUSPICIOUS_MOVE = YES;
				CLANG_WARN_UNGUARDED_AVAILABILITY = YES_AGGRESSIVE;
				CLANG_WARN_UNREACHABLE_CODE = YES;
				CLANG_WARN__DUPLICATE_METHOD_MATCH = YES;
				COPY_PHASE_STRIP = NO;
				DEBUG_INFORMATION_FORMAT = dwarf;
				ENABLE_STRICT_OBJC_MSGSEND = YES;
				ENABLE_TESTABILITY = YES;
				GCC_C_LANGUAGE_STANDARD = gnu11;
				GCC_DYNAMIC_NO_PIC = NO;
				GCC_NO_COMMON_BLOCKS = YES;
				GCC_OPTIMIZATION_LEVEL = 0;
				GCC_PREPROCESSOR_DEFINITIONS = (
					"DEBUG=1",
					"$(inherited)",
				);
				GCC_WARN_64_TO_32_BIT_CONVERSION = YES;
				GCC_WARN_ABOUT_RETURN_TYPE = YES_ERROR;
				GCC_WARN_UNDECLARED_SELECTOR = YES;
				GCC_WARN_UNINITIALIZED_AUTOS = YES_AGGRESSIVE;
				GCC_WARN_UNUSED_FUNCTION = YES;
				GCC_WARN_UNUSED_VARIABLE = YES;
				IPHONEOS_DEPLOYMENT_TARGET = 15.0;
				MTL_ENABLE_DEBUG_INFO = INCLUDE_SOURCE;
				MTL_FAST_MATH = YES;
				ONLY_ACTIVE_ARCH = YES;
				SDKROOT = iphoneos;
				SWIFT_ACTIVE_COMPILATION_CONDITIONS = DEBUG;
				SWIFT_OPTIMIZATION_LEVEL = "-Onone";
			};
			name = Debug;
		};
		256250532848868B00FC1597 /* Release */ = {
			isa = XCBuildConfiguration;
			buildSettings = {
				ALWAYS_SEARCH_USER_PATHS = NO;
				CLANG_ANALYZER_NONNULL = YES;
				CLANG_ANALYZER_NUMBER_OBJECT_CONVERSION = YES_AGGRESSIVE;
				CLANG_CXX_LANGUAGE_STANDARD = "gnu++17";
				CLANG_CXX_LIBRARY = "libc++";
				CLANG_ENABLE_MODULES = YES;
				CLANG_ENABLE_OBJC_ARC = YES;
				CLANG_ENABLE_OBJC_WEAK = YES;
				CLANG_WARN_BLOCK_CAPTURE_AUTORELEASING = YES;
				CLANG_WARN_BOOL_CONVERSION = YES;
				CLANG_WARN_COMMA = YES;
				CLANG_WARN_CONSTANT_CONVERSION = YES;
				CLANG_WARN_DEPRECATED_OBJC_IMPLEMENTATIONS = YES;
				CLANG_WARN_DIRECT_OBJC_ISA_USAGE = YES_ERROR;
				CLANG_WARN_DOCUMENTATION_COMMENTS = YES;
				CLANG_WARN_EMPTY_BODY = YES;
				CLANG_WARN_ENUM_CONVERSION = YES;
				CLANG_WARN_INFINITE_RECURSION = YES;
				CLANG_WARN_INT_CONVERSION = YES;
				CLANG_WARN_NON_LITERAL_NULL_CONVERSION = YES;
				CLANG_WARN_OBJC_IMPLICIT_RETAIN_SELF = YES;
				CLANG_WARN_OBJC_LITERAL_CONVERSION = YES;
				CLANG_WARN_OBJC_ROOT_CLASS = YES_ERROR;
				CLANG_WARN_QUOTED_INCLUDE_IN_FRAMEWORK_HEADER = YES;
				CLANG_WARN_RANGE_LOOP_ANALYSIS = YES;
				CLANG_WARN_STRICT_PROTOTYPES = YES;
				CLANG_WARN_SUSPICIOUS_MOVE = YES;
				CLANG_WARN_UNGUARDED_AVAILABILITY = YES_AGGRESSIVE;
				CLANG_WARN_UNREACHABLE_CODE = YES;
				CLANG_WARN__DUPLICATE_METHOD_MATCH = YES;
				COPY_PHASE_STRIP = NO;
				DEBUG_INFORMATION_FORMAT = "dwarf-with-dsym";
				ENABLE_NS_ASSERTIONS = NO;
				ENABLE_STRICT_OBJC_MSGSEND = YES;
				GCC_C_LANGUAGE_STANDARD = gnu11;
				GCC_NO_COMMON_BLOCKS = YES;
				GCC_WARN_64_TO_32_BIT_CONVERSION = YES;
				GCC_WARN_ABOUT_RETURN_TYPE = YES_ERROR;
				GCC_WARN_UNDECLARED_SELECTOR = YES;
				GCC_WARN_UNINITIALIZED_AUTOS = YES_AGGRESSIVE;
				GCC_WARN_UNUSED_FUNCTION = YES;
				GCC_WARN_UNUSED_VARIABLE = YES;
				IPHONEOS_DEPLOYMENT_TARGET = 15.0;
				MTL_ENABLE_DEBUG_INFO = NO;
				MTL_FAST_MATH = YES;
				SDKROOT = iphoneos;
				SWIFT_COMPILATION_MODE = wholemodule;
				SWIFT_OPTIMIZATION_LEVEL = "-O";
				VALIDATE_PRODUCT = YES;
			};
			name = Release;
		};
		256250552848868B00FC1597 /* Debug */ = {
			isa = XCBuildConfiguration;
			baseConfigurationReference = F4399792AFC21A2ECAB67115 /* Pods-MeetLive.debug.xcconfig */;
			buildSettings = {
				ASSETCATALOG_COMPILER_APPICON_NAME = AppIcon;
				ASSETCATALOG_COMPILER_GLOBAL_ACCENT_COLOR_NAME = AccentColor;
				CODE_SIGN_STYLE = Automatic;
				CURRENT_PROJECT_VERSION = 1;
				GENERATE_INFOPLIST_FILE = YES;
				INFOPLIST_FILE = MeetLive/Info.plist;
				INFOPLIST_KEY_NSCameraUsageDescription = "本アプリは、プロフィール画像設定のため、カメラの使用許可を求めます。";
				INFOPLIST_KEY_NSPhotoLibraryUsageDescription = "本アプリは、プロフィール画像設定のため、フォトライブラリの使用許可を求めます。";
				INFOPLIST_KEY_UIApplicationSupportsIndirectInputEvents = YES;
				INFOPLIST_KEY_UILaunchStoryboardName = LaunchScreen;
				INFOPLIST_KEY_UIMainStoryboardFile = Main;
				INFOPLIST_KEY_UISupportedInterfaceOrientations_iPad = "UIInterfaceOrientationPortrait UIInterfaceOrientationPortraitUpsideDown UIInterfaceOrientationLandscapeLeft UIInterfaceOrientationLandscapeRight";
				INFOPLIST_KEY_UISupportedInterfaceOrientations_iPhone = UIInterfaceOrientationPortrait;
				LD_RUNPATH_SEARCH_PATHS = (
					"$(inherited)",
					"@executable_path/Frameworks",
				);
				MARKETING_VERSION = 1.0;
				PRODUCT_BUNDLE_IDENTIFIER = jp.techacademy.yuki.tanaka.MeetLive;
				PRODUCT_NAME = "$(TARGET_NAME)";
				SWIFT_EMIT_LOC_STRINGS = YES;
				SWIFT_VERSION = 5.0;
				TARGETED_DEVICE_FAMILY = 1;
			};
			name = Debug;
		};
		256250562848868B00FC1597 /* Release */ = {
			isa = XCBuildConfiguration;
			baseConfigurationReference = C52149E9F95B950DDEFCBD9D /* Pods-MeetLive.release.xcconfig */;
			buildSettings = {
				ASSETCATALOG_COMPILER_APPICON_NAME = AppIcon;
				ASSETCATALOG_COMPILER_GLOBAL_ACCENT_COLOR_NAME = AccentColor;
				CODE_SIGN_STYLE = Automatic;
				CURRENT_PROJECT_VERSION = 1;
				GENERATE_INFOPLIST_FILE = YES;
				INFOPLIST_FILE = MeetLive/Info.plist;
				INFOPLIST_KEY_NSCameraUsageDescription = "本アプリは、プロフィール画像設定のため、カメラの使用許可を求めます。";
				INFOPLIST_KEY_NSPhotoLibraryUsageDescription = "本アプリは、プロフィール画像設定のため、フォトライブラリの使用許可を求めます。";
				INFOPLIST_KEY_UIApplicationSupportsIndirectInputEvents = YES;
				INFOPLIST_KEY_UILaunchStoryboardName = LaunchScreen;
				INFOPLIST_KEY_UIMainStoryboardFile = Main;
				INFOPLIST_KEY_UISupportedInterfaceOrientations_iPad = "UIInterfaceOrientationPortrait UIInterfaceOrientationPortraitUpsideDown UIInterfaceOrientationLandscapeLeft UIInterfaceOrientationLandscapeRight";
				INFOPLIST_KEY_UISupportedInterfaceOrientations_iPhone = UIInterfaceOrientationPortrait;
				LD_RUNPATH_SEARCH_PATHS = (
					"$(inherited)",
					"@executable_path/Frameworks",
				);
				MARKETING_VERSION = 1.0;
				PRODUCT_BUNDLE_IDENTIFIER = jp.techacademy.yuki.tanaka.MeetLive;
				PRODUCT_NAME = "$(TARGET_NAME)";
				SWIFT_EMIT_LOC_STRINGS = YES;
				SWIFT_VERSION = 5.0;
				TARGETED_DEVICE_FAMILY = 1;
			};
			name = Release;
		};
/* End XCBuildConfiguration section */

/* Begin XCConfigurationList section */
		2562503B2848868800FC1597 /* Build configuration list for PBXProject "MeetLive" */ = {
			isa = XCConfigurationList;
			buildConfigurations = (
				256250522848868B00FC1597 /* Debug */,
				256250532848868B00FC1597 /* Release */,
			);
			defaultConfigurationIsVisible = 0;
			defaultConfigurationName = Release;
		};
		256250542848868B00FC1597 /* Build configuration list for PBXNativeTarget "MeetLive" */ = {
			isa = XCConfigurationList;
			buildConfigurations = (
				256250552848868B00FC1597 /* Debug */,
				256250562848868B00FC1597 /* Release */,
			);
			defaultConfigurationIsVisible = 0;
			defaultConfigurationName = Release;
		};
/* End XCConfigurationList section */
	};
	rootObject = 256250382848868800FC1597 /* Project object */;
}
